{
  "version": 4,
  "terraform_version": "1.3.6",
  "serial": 25,
  "lineage": "485e7a82-87e6-e789-50a7-b3458a49c0b6",
  "outputs": {},
  "resources": [
    {
      "mode": "managed",
      "type": "aws_iam_user",
      "name": "testuser",
      "provider": "provider[\"registry.terraform.io/hashicorp/aws\"]",
      "instances": [
        {
          "index_key": 0,
          "schema_version": 0,
          "attributes": {
            "arn": "arn:aws:iam::613095983742:user/system/test292912345.0",
            "force_destroy": false,
            "id": "test292912345.0",
            "name": "test292912345.0",
            "path": "/system/",
            "permissions_boundary": null,
            "tags": null,
            "tags_all": {},
            "unique_id": "AIDAY5P26JJ7MK45SWKA5"
          },
          "sensitive_attributes": [],
          "private": "bnVsbA=="
        },
        {
          "index_key": 1,
          "schema_version": 0,
          "attributes": {
            "arn": "arn:aws:iam::613095983742:user/system/test292912345.1",
            "force_destroy": false,
            "id": "test292912345.1",
            "name": "test292912345.1",
            "path": "/system/",
            "permissions_boundary": null,
            "tags": null,
            "tags_all": {},
            "unique_id": "AIDAY5P26JJ7JMPFOGDR6"
          },
          "sensitive_attributes": [],
          "private": "bnVsbA=="
        },
        {
          "index_key": 2,
          "schema_version": 0,
          "attributes": {
            "arn": "arn:aws:iam::613095983742:user/system/test292912345.2",
            "force_destroy": false,
            "id": "test292912345.2",
            "name": "test292912345.2",
            "path": "/system/",
            "permissions_boundary": null,
            "tags": null,
            "tags_all": {},
            "unique_id": "AIDAY5P26JJ7EVKFBHCHL"
          },
          "sensitive_attributes": [],
          "private": "bnVsbA=="
        }
      ]
    }
  ],
  "check_results": null
}
